
Microsoft Visual Studio Solution File, Format Version 12.00
# Visual Studio Version 17
VisualStudioVersion = 17.4.33213.308
MinimumVisualStudioVersion = 10.0.40219.1
Project("{FAE04EC0-301F-11D3-BF4B-00C04F79EFBC}") = "ConsoleEvents", "ConsoleEvents\ConsoleEvents.csproj", "{3C792D95-B497-4084-A315-DA743C112D50}"
EndProject
Global
	GlobalSection(SolutionConfigurationPlatforms) = preSolution
		Debug|Any CPU = Debug|Any CPU
		Release|Any CPU = Release|Any CPU
	EndGlobalSection
	GlobalSection(ProjectConfigurationPlatforms) = postSolution
		{3C792D95-B497-4084-A315-DA743C112D50}.Debug|Any CPU.ActiveCfg = Debug|Any CPU
		{3C792D95-B497-4084-A315-DA743C112D50}.Debug|Any CPU.Build.0 = Debug|Any CPU
		{3C792D95-B497-4084-A315-DA743C112D50}.Release|Any CPU.ActiveCfg = Release|Any CPU
		{3C792D95-B497-4084-A315-DA743C112D50}.Release|Any CPU.Build.0 = Release|Any CPU
	EndGlobalSection
	GlobalSection(SolutionProperties) = preSolution
		HideSolutionNode = FALSE
	EndGlobalSection
	GlobalSection(ExtensibilityGlobals) = postSolution
		SolutionGuid = {5956FA46-61BF-4B30-821F-7036E79E8B5C}
	EndGlobalSection
EndGlobal
